# THIS IS AN AUTOGENERATED FILE. DO NOT EDIT THIS FILE DIRECTLY.
# yarn lockfile v1


hkt-toolbelt@^0.7.0:
  version "0.7.0"
  resolved "https://registry.yarnpkg.com/hkt-toolbelt/-/hkt-toolbelt-0.7.0.tgz#7cb6784243fddad25ac332f0b770f0533e0c3f86"
  integrity sha512-4O9DmY/4IULBP51kDOZeLBguz6RZ60hLr4P1p72RIHvUuaX6JuxXvQ0B2leE6uctLqbowPXzI72B0mRSAnduJQ==
